
Microsoft Visual Studio Solution File, Format Version 12.00
# Visual Studio Version 17
VisualStudioVersion = 17.0.31717.71
MinimumVisualStudioVersion = 10.0.40219.1
Project("{9A19103F-16F7-4668-BE54-9A1E7A4F7556}") = "KodAdıAfacanlar", "KodAdıAfacanlar\KodAdıAfacanlar.csproj", "{2A5CEF37-3E2D-45A0-A2F2-7BE54EC8F7B9}"
EndProject
Project("{54435603-DBB4-11D2-8724-00A0C9A8B90C}") = "KodAdıAfacanlar.Setup", "KodAdıAfacanlar.Setup\KodAdıAfacanlar.Setup.vdproj", "{7E31C51A-5E94-4BAE-861D-081C166AB99F}"
EndProject
Global
	GlobalSection(SolutionConfigurationPlatforms) = preSolution
		Debug|Any CPU = Debug|Any CPU
		Debug|x86 = Debug|x86
		Release|Any CPU = Release|Any CPU
		Release|x86 = Release|x86
	EndGlobalSection
	GlobalSection(ProjectConfigurationPlatforms) = postSolution
		{2A5CEF37-3E2D-45A0-A2F2-7BE54EC8F7B9}.Debug|Any CPU.ActiveCfg = Debug|Any CPU
		{2A5CEF37-3E2D-45A0-A2F2-7BE54EC8F7B9}.Debug|Any CPU.Build.0 = Debug|Any CPU
		{2A5CEF37-3E2D-45A0-A2F2-7BE54EC8F7B9}.Debug|x86.ActiveCfg = Debug|Any CPU
		{2A5CEF37-3E2D-45A0-A2F2-7BE54EC8F7B9}.Debug|x86.Build.0 = Debug|Any CPU
		{2A5CEF37-3E2D-45A0-A2F2-7BE54EC8F7B9}.Release|Any CPU.ActiveCfg = Release|Any CPU
		{2A5CEF37-3E2D-45A0-A2F2-7BE54EC8F7B9}.Release|Any CPU.Build.0 = Release|Any CPU
		{2A5CEF37-3E2D-45A0-A2F2-7BE54EC8F7B9}.Release|Any CPU.Deploy.0 = Release|Any CPU
		{2A5CEF37-3E2D-45A0-A2F2-7BE54EC8F7B9}.Release|x86.ActiveCfg = Release|Any CPU
		{2A5CEF37-3E2D-45A0-A2F2-7BE54EC8F7B9}.Release|x86.Build.0 = Release|Any CPU
		{7E31C51A-5E94-4BAE-861D-081C166AB99F}.Debug|Any CPU.ActiveCfg = Debug
		{7E31C51A-5E94-4BAE-861D-081C166AB99F}.Debug|x86.ActiveCfg = Debug
		{7E31C51A-5E94-4BAE-861D-081C166AB99F}.Release|Any CPU.ActiveCfg = Release
		{7E31C51A-5E94-4BAE-861D-081C166AB99F}.Release|x86.ActiveCfg = Release
	EndGlobalSection
	GlobalSection(SolutionProperties) = preSolution
		HideSolutionNode = FALSE
	EndGlobalSection
	GlobalSection(ExtensibilityGlobals) = postSolution
		SolutionGuid = {A26E67D9-CEB2-4689-A0AD-8E905B594EA6}
	EndGlobalSection
EndGlobal
