
Microsoft Visual Studio Solution File, Format Version 12.00
# Visual Studio Version 17
VisualStudioVersion = 17.0.31717.71
MinimumVisualStudioVersion = 10.0.40219.1
Project("{9A19103F-16F7-4668-BE54-9A1E7A4F7556}") = "KodAdıAfacanlar", "KodAdıAfacanlar\KodAdıAfacanlar.csproj", "{2A5CEF37-3E2D-45A0-A2F2-7BE54EC8F7B9}"
EndProject
Project("{54435603-DBB4-11D2-8724-00A0C9A8B90C}") = "KodAdıAfacanlar.Setup.World", "KodAdıAfacanlar.Setup.World\KodAdıAfacanlar.Setup.World.vdproj", "{8A1DCA81-5A41-4B2F-A7CE-E15F547F51BB}"
EndProject
Project("{54435603-DBB4-11D2-8724-00A0C9A8B90C}") = "KodAdıAfacanlar.Setup.Time", "KodAdıAfacanlar.Setup.Time\KodAdıAfacanlar.Setup.Time.vdproj", "{8C28E064-E3CB-48D0-BC44-172B668C60FD}"
EndProject
Global
	GlobalSection(SolutionConfigurationPlatforms) = preSolution
		Debug|Any CPU = Debug|Any CPU
		Debug|x86 = Debug|x86
		Release|Any CPU = Release|Any CPU
		Release|x86 = Release|x86
		TimeDebug|Any CPU = TimeDebug|Any CPU
		TimeDebug|x86 = TimeDebug|x86
		TimeRelease|Any CPU = TimeRelease|Any CPU
		TimeRelease|x86 = TimeRelease|x86
		WorldDebug|Any CPU = WorldDebug|Any CPU
		WorldDebug|x86 = WorldDebug|x86
		WorldRelease|Any CPU = WorldRelease|Any CPU
		WorldRelease|x86 = WorldRelease|x86
	EndGlobalSection
	GlobalSection(ProjectConfigurationPlatforms) = postSolution
		{2A5CEF37-3E2D-45A0-A2F2-7BE54EC8F7B9}.Debug|Any CPU.ActiveCfg = Debug|Any CPU
		{2A5CEF37-3E2D-45A0-A2F2-7BE54EC8F7B9}.Debug|Any CPU.Build.0 = Debug|Any CPU
		{2A5CEF37-3E2D-45A0-A2F2-7BE54EC8F7B9}.Debug|x86.ActiveCfg = Debug|Any CPU
		{2A5CEF37-3E2D-45A0-A2F2-7BE54EC8F7B9}.Debug|x86.Build.0 = Debug|Any CPU
		{2A5CEF37-3E2D-45A0-A2F2-7BE54EC8F7B9}.Release|Any CPU.ActiveCfg = Release|Any CPU
		{2A5CEF37-3E2D-45A0-A2F2-7BE54EC8F7B9}.Release|Any CPU.Build.0 = Release|Any CPU
		{2A5CEF37-3E2D-45A0-A2F2-7BE54EC8F7B9}.Release|Any CPU.Deploy.0 = Release|Any CPU
		{2A5CEF37-3E2D-45A0-A2F2-7BE54EC8F7B9}.Release|x86.ActiveCfg = Release|Any CPU
		{2A5CEF37-3E2D-45A0-A2F2-7BE54EC8F7B9}.Release|x86.Build.0 = Release|Any CPU
		{2A5CEF37-3E2D-45A0-A2F2-7BE54EC8F7B9}.TimeDebug|Any CPU.ActiveCfg = Time|Any CPU
		{2A5CEF37-3E2D-45A0-A2F2-7BE54EC8F7B9}.TimeDebug|Any CPU.Build.0 = Time|Any CPU
		{2A5CEF37-3E2D-45A0-A2F2-7BE54EC8F7B9}.TimeDebug|x86.ActiveCfg = Time|Any CPU
		{2A5CEF37-3E2D-45A0-A2F2-7BE54EC8F7B9}.TimeDebug|x86.Build.0 = Time|Any CPU
		{2A5CEF37-3E2D-45A0-A2F2-7BE54EC8F7B9}.TimeRelease|Any CPU.ActiveCfg = TimeRelease|Any CPU
		{2A5CEF37-3E2D-45A0-A2F2-7BE54EC8F7B9}.TimeRelease|Any CPU.Build.0 = TimeRelease|Any CPU
		{2A5CEF37-3E2D-45A0-A2F2-7BE54EC8F7B9}.TimeRelease|x86.ActiveCfg = TimeRelease|Any CPU
		{2A5CEF37-3E2D-45A0-A2F2-7BE54EC8F7B9}.TimeRelease|x86.Build.0 = TimeRelease|Any CPU
		{2A5CEF37-3E2D-45A0-A2F2-7BE54EC8F7B9}.WorldDebug|Any CPU.ActiveCfg = WorldDebug|Any CPU
		{2A5CEF37-3E2D-45A0-A2F2-7BE54EC8F7B9}.WorldDebug|Any CPU.Build.0 = WorldDebug|Any CPU
		{2A5CEF37-3E2D-45A0-A2F2-7BE54EC8F7B9}.WorldDebug|x86.ActiveCfg = WorldDebug|Any CPU
		{2A5CEF37-3E2D-45A0-A2F2-7BE54EC8F7B9}.WorldDebug|x86.Build.0 = WorldDebug|Any CPU
		{2A5CEF37-3E2D-45A0-A2F2-7BE54EC8F7B9}.WorldRelease|Any CPU.ActiveCfg = WorldRelease|Any CPU
		{2A5CEF37-3E2D-45A0-A2F2-7BE54EC8F7B9}.WorldRelease|Any CPU.Build.0 = WorldRelease|Any CPU
		{2A5CEF37-3E2D-45A0-A2F2-7BE54EC8F7B9}.WorldRelease|x86.ActiveCfg = WorldRelease|Any CPU
		{2A5CEF37-3E2D-45A0-A2F2-7BE54EC8F7B9}.WorldRelease|x86.Build.0 = WorldRelease|Any CPU
		{8A1DCA81-5A41-4B2F-A7CE-E15F547F51BB}.Debug|Any CPU.ActiveCfg = Debug
		{8A1DCA81-5A41-4B2F-A7CE-E15F547F51BB}.Debug|x86.ActiveCfg = Debug
		{8A1DCA81-5A41-4B2F-A7CE-E15F547F51BB}.Release|Any CPU.ActiveCfg = Release
		{8A1DCA81-5A41-4B2F-A7CE-E15F547F51BB}.Release|x86.ActiveCfg = Release
		{8A1DCA81-5A41-4B2F-A7CE-E15F547F51BB}.TimeDebug|Any CPU.ActiveCfg = Debug
		{8A1DCA81-5A41-4B2F-A7CE-E15F547F51BB}.TimeDebug|x86.ActiveCfg = Debug
		{8A1DCA81-5A41-4B2F-A7CE-E15F547F51BB}.TimeRelease|Any CPU.ActiveCfg = Release
		{8A1DCA81-5A41-4B2F-A7CE-E15F547F51BB}.TimeRelease|x86.ActiveCfg = Release
		{8A1DCA81-5A41-4B2F-A7CE-E15F547F51BB}.WorldDebug|Any CPU.ActiveCfg = Debug
		{8A1DCA81-5A41-4B2F-A7CE-E15F547F51BB}.WorldDebug|x86.ActiveCfg = Debug
		{8A1DCA81-5A41-4B2F-A7CE-E15F547F51BB}.WorldRelease|Any CPU.ActiveCfg = Release
		{8A1DCA81-5A41-4B2F-A7CE-E15F547F51BB}.WorldRelease|x86.ActiveCfg = Release
		{8C28E064-E3CB-48D0-BC44-172B668C60FD}.Debug|Any CPU.ActiveCfg = Debug
		{8C28E064-E3CB-48D0-BC44-172B668C60FD}.Debug|x86.ActiveCfg = Debug
		{8C28E064-E3CB-48D0-BC44-172B668C60FD}.Release|Any CPU.ActiveCfg = Release
		{8C28E064-E3CB-48D0-BC44-172B668C60FD}.Release|x86.ActiveCfg = Release
		{8C28E064-E3CB-48D0-BC44-172B668C60FD}.TimeDebug|Any CPU.ActiveCfg = Debug
		{8C28E064-E3CB-48D0-BC44-172B668C60FD}.TimeDebug|x86.ActiveCfg = Debug
		{8C28E064-E3CB-48D0-BC44-172B668C60FD}.TimeRelease|Any CPU.ActiveCfg = Release
		{8C28E064-E3CB-48D0-BC44-172B668C60FD}.TimeRelease|x86.ActiveCfg = Release
		{8C28E064-E3CB-48D0-BC44-172B668C60FD}.WorldDebug|Any CPU.ActiveCfg = Debug
		{8C28E064-E3CB-48D0-BC44-172B668C60FD}.WorldDebug|x86.ActiveCfg = Debug
		{8C28E064-E3CB-48D0-BC44-172B668C60FD}.WorldRelease|Any CPU.ActiveCfg = Release
		{8C28E064-E3CB-48D0-BC44-172B668C60FD}.WorldRelease|x86.ActiveCfg = Release
	EndGlobalSection
	GlobalSection(SolutionProperties) = preSolution
		HideSolutionNode = FALSE
	EndGlobalSection
	GlobalSection(ExtensibilityGlobals) = postSolution
		SolutionGuid = {A26E67D9-CEB2-4689-A0AD-8E905B594EA6}
	EndGlobalSection
EndGlobal
